
Microsoft Visual Studio Solution File, Format Version 12.00
# Visual Studio Version 17
VisualStudioVersion = 17.11.35327.3
MinimumVisualStudioVersion = 10.0.40219.1
Project("{FAE04EC0-301F-11D3-BF4B-00C04F79EFBC}") = "Kubass R.E.P.O.", "..\Kubass R.E.P.O\Kubass R.E.P.O\Kubass R.E.P.O..csproj", "{99BAA4BF-785D-47C5-AB49-7963FD3BEBF2}"
EndProject
Global
	GlobalSection(SolutionConfigurationPlatforms) = preSolution
		Debug|Any CPU = Debug|Any CPU
		Release|Any CPU = Release|Any CPU
	EndGlobalSection
	GlobalSection(ProjectConfigurationPlatforms) = postSolution
		{99BAA4BF-785D-47C5-AB49-7963FD3BEBF2}.Debug|Any CPU.ActiveCfg = Debug|Any CPU
		{99BAA4BF-785D-47C5-AB49-7963FD3BEBF2}.Debug|Any CPU.Build.0 = Debug|Any CPU
		{99BAA4BF-785D-47C5-AB49-7963FD3BEBF2}.Release|Any CPU.ActiveCfg = Release|Any CPU
		{99BAA4BF-785D-47C5-AB49-7963FD3BEBF2}.Release|Any CPU.Build.0 = Release|Any CPU
	EndGlobalSection
	GlobalSection(SolutionProperties) = preSolution
		HideSolutionNode = FALSE
	EndGlobalSection
	GlobalSection(ExtensibilityGlobals) = postSolution
		SolutionGuid = {6E5E264C-A31B-46F6-BA95-927DE007F7EC}
	EndGlobalSection
EndGlobal
